// !$*UTF8*$!
{
	archiveVersion = 1;
	classes = {
	};
	objectVersion = 56;
	objects = {

/* Begin PBXBuildFile section */
		01101AB72A7A50FF001B8669 /* OnboardingView.swift in Sources */ = {isa = PBXBuildFile; fileRef = 01101AB62A7A50FF001B8669 /* OnboardingView.swift */; };
		013C24332A708D780027325C /* GardenView.swift in Sources */ = {isa = PBXBuildFile; fileRef = 013C24322A708D780027325C /* GardenView.swift */; };
		0148C4682A729A9F0030A26A /* CreateGardenOnboardingViewModel.swift in Sources */ = {isa = PBXBuildFile; fileRef = 0148C4672A729A9F0030A26A /* CreateGardenOnboardingViewModel.swift */; };
		0149491E2A576E2D0063FCF8 /* FirebaseAnalytics in Frameworks */ = {isa = PBXBuildFile; productRef = 0149491D2A576E2D0063FCF8 /* FirebaseAnalytics */; };
		014949202A576E2D0063FCF8 /* FirebaseAnalyticsSwift in Frameworks */ = {isa = PBXBuildFile; productRef = 0149491F2A576E2D0063FCF8 /* FirebaseAnalyticsSwift */; };
		014949222A576E2D0063FCF8 /* FirebaseAuth in Frameworks */ = {isa = PBXBuildFile; productRef = 014949212A576E2D0063FCF8 /* FirebaseAuth */; };
		014949242A576E2D0063FCF8 /* FirebaseFirestore in Frameworks */ = {isa = PBXBuildFile; productRef = 014949232A576E2D0063FCF8 /* FirebaseFirestore */; };
		014949262A576E2D0063FCF8 /* FirebaseFirestoreSwift in Frameworks */ = {isa = PBXBuildFile; productRef = 014949252A576E2D0063FCF8 /* FirebaseFirestoreSwift */; };
		014949292A576E510063FCF8 /* ReceiptParser in Frameworks */ = {isa = PBXBuildFile; productRef = 014949282A576E510063FCF8 /* ReceiptParser */; };
		0149492B2A576E510063FCF8 /* RevenueCat in Frameworks */ = {isa = PBXBuildFile; productRef = 0149492A2A576E510063FCF8 /* RevenueCat */; };
		0149492E2A576F520063FCF8 /* StoreKit.framework in Frameworks */ = {isa = PBXBuildFile; fileRef = 0149492D2A576F520063FCF8 /* StoreKit.framework */; };
		014949312A576FA00063FCF8 /* GoogleMobileAds in Frameworks */ = {isa = PBXBuildFile; productRef = 014949302A576FA00063FCF8 /* GoogleMobileAds */; };
		014949352A5771C90063FCF8 /* LoginViewModel.swift in Sources */ = {isa = PBXBuildFile; fileRef = 014949342A5771C90063FCF8 /* LoginViewModel.swift */; };
		01BE231B2A68477300E3E906 /* GoogleService-Info.plist in Resources */ = {isa = PBXBuildFile; fileRef = 01BE231A2A68477300E3E906 /* GoogleService-Info.plist */; };
		01BE231D2A68498F00E3E906 /* AuthenticationManager.swift in Sources */ = {isa = PBXBuildFile; fileRef = 01BE231C2A68498F00E3E906 /* AuthenticationManager.swift */; };
		01C68D282A576A2C004F64A0 /* GardeningApp.swift in Sources */ = {isa = PBXBuildFile; fileRef = 01C68D272A576A2C004F64A0 /* GardeningApp.swift */; };
		01C68D2C2A576A2C004F64A0 /* Assets.xcassets in Resources */ = {isa = PBXBuildFile; fileRef = 01C68D2B2A576A2C004F64A0 /* Assets.xcassets */; };
		01C68D2F2A576A2C004F64A0 /* Preview Assets.xcassets in Resources */ = {isa = PBXBuildFile; fileRef = 01C68D2E2A576A2C004F64A0 /* Preview Assets.xcassets */; };
		01C68D362A576A53004F64A0 /* LoginView.swift in Sources */ = {isa = PBXBuildFile; fileRef = 01C68D352A576A53004F64A0 /* LoginView.swift */; };
		01C68D382A576A62004F64A0 /* SignUpView.swift in Sources */ = {isa = PBXBuildFile; fileRef = 01C68D372A576A62004F64A0 /* SignUpView.swift */; };
		01C68D3A2A576A71004F64A0 /* ProfileView.swift in Sources */ = {isa = PBXBuildFile; fileRef = 01C68D392A576A71004F64A0 /* ProfileView.swift */; };
		01C89CE82A7011B000092C25 /* InputView.swift in Sources */ = {isa = PBXBuildFile; fileRef = 01C89CE72A7011B000092C25 /* InputView.swift */; };
		01C89CEA2A701F1500092C25 /* SettingsRowView.swift in Sources */ = {isa = PBXBuildFile; fileRef = 01C89CE92A701F1500092C25 /* SettingsRowView.swift */; };
		01C89CEC2A70215F00092C25 /* UserModel.swift in Sources */ = {isa = PBXBuildFile; fileRef = 01C89CEB2A70215F00092C25 /* UserModel.swift */; };
		01C89CEE2A702C2D00092C25 /* RootView.swift in Sources */ = {isa = PBXBuildFile; fileRef = 01C89CED2A702C2D00092C25 /* RootView.swift */; };
		01DC642F2A5CABB800553318 /* SignUpViewModel.swift in Sources */ = {isa = PBXBuildFile; fileRef = 01DC642E2A5CABB800553318 /* SignUpViewModel.swift */; };
		01DC64322A5CAD4500553318 /* ColorsExtensions.swift in Sources */ = {isa = PBXBuildFile; fileRef = 01DC64312A5CAD4500553318 /* ColorsExtensions.swift */; };
		01DC64352A5CAE9500553318 /* APICall.swift in Sources */ = {isa = PBXBuildFile; fileRef = 01DC64342A5CAE9500553318 /* APICall.swift */; };
		01DC64372A5CB16B00553318 /* CreateGardenOnboardingView.swift in Sources */ = {isa = PBXBuildFile; fileRef = 01DC64362A5CB16B00553318 /* CreateGardenOnboardingView.swift */; };
		01DC64392A5CB3E700553318 /* AddPlantOnboardingView.swift in Sources */ = {isa = PBXBuildFile; fileRef = 01DC64382A5CB3E700553318 /* AddPlantOnboardingView.swift */; };
		01EE29302A73EFFB00E91F28 /* AddPlantOnboardingViewModel.swift in Sources */ = {isa = PBXBuildFile; fileRef = 01EE292F2A73EFFB00E91F28 /* AddPlantOnboardingViewModel.swift */; };
/* End PBXBuildFile section */

/* Begin PBXFileReference section */
		01101AB62A7A50FF001B8669 /* OnboardingView.swift */ = {isa = PBXFileReference; lastKnownFileType = sourcecode.swift; path = OnboardingView.swift; sourceTree = "<group>"; };
		013C24322A708D780027325C /* GardenView.swift */ = {isa = PBXFileReference; lastKnownFileType = sourcecode.swift; path = GardenView.swift; sourceTree = "<group>"; };
		0148C4672A729A9F0030A26A /* CreateGardenOnboardingViewModel.swift */ = {isa = PBXFileReference; lastKnownFileType = sourcecode.swift; path = CreateGardenOnboardingViewModel.swift; sourceTree = "<group>"; };
		0149492D2A576F520063FCF8 /* StoreKit.framework */ = {isa = PBXFileReference; lastKnownFileType = wrapper.framework; name = StoreKit.framework; path = System/Library/Frameworks/StoreKit.framework; sourceTree = SDKROOT; };
		014949342A5771C90063FCF8 /* LoginViewModel.swift */ = {isa = PBXFileReference; lastKnownFileType = sourcecode.swift; path = LoginViewModel.swift; sourceTree = "<group>"; };
		01BE231A2A68477300E3E906 /* GoogleService-Info.plist */ = {isa = PBXFileReference; fileEncoding = 4; lastKnownFileType = text.plist.xml; path = "GoogleService-Info.plist"; sourceTree = "<group>"; };
		01BE231C2A68498F00E3E906 /* AuthenticationManager.swift */ = {isa = PBXFileReference; lastKnownFileType = sourcecode.swift; path = AuthenticationManager.swift; sourceTree = "<group>"; };
		01C68D242A576A2C004F64A0 /* Gardening.app */ = {isa = PBXFileReference; explicitFileType = wrapper.application; includeInIndex = 0; path = Gardening.app; sourceTree = BUILT_PRODUCTS_DIR; };
		01C68D272A576A2C004F64A0 /* GardeningApp.swift */ = {isa = PBXFileReference; lastKnownFileType = sourcecode.swift; path = GardeningApp.swift; sourceTree = "<group>"; };
		01C68D2B2A576A2C004F64A0 /* Assets.xcassets */ = {isa = PBXFileReference; lastKnownFileType = folder.assetcatalog; path = Assets.xcassets; sourceTree = "<group>"; };
		01C68D2E2A576A2C004F64A0 /* Preview Assets.xcassets */ = {isa = PBXFileReference; lastKnownFileType = folder.assetcatalog; path = "Preview Assets.xcassets"; sourceTree = "<group>"; };
		01C68D352A576A53004F64A0 /* LoginView.swift */ = {isa = PBXFileReference; lastKnownFileType = sourcecode.swift; path = LoginView.swift; sourceTree = "<group>"; };
		01C68D372A576A62004F64A0 /* SignUpView.swift */ = {isa = PBXFileReference; lastKnownFileType = sourcecode.swift; path = SignUpView.swift; sourceTree = "<group>"; };
		01C68D392A576A71004F64A0 /* ProfileView.swift */ = {isa = PBXFileReference; lastKnownFileType = sourcecode.swift; path = ProfileView.swift; sourceTree = "<group>"; };
		01C89CE72A7011B000092C25 /* InputView.swift */ = {isa = PBXFileReference; lastKnownFileType = sourcecode.swift; path = InputView.swift; sourceTree = "<group>"; };
		01C89CE92A701F1500092C25 /* SettingsRowView.swift */ = {isa = PBXFileReference; lastKnownFileType = sourcecode.swift; path = SettingsRowView.swift; sourceTree = "<group>"; };
		01C89CEB2A70215F00092C25 /* UserModel.swift */ = {isa = PBXFileReference; lastKnownFileType = sourcecode.swift; path = UserModel.swift; sourceTree = "<group>"; };
		01C89CED2A702C2D00092C25 /* RootView.swift */ = {isa = PBXFileReference; lastKnownFileType = sourcecode.swift; path = RootView.swift; sourceTree = "<group>"; };
		01DC642E2A5CABB800553318 /* SignUpViewModel.swift */ = {isa = PBXFileReference; lastKnownFileType = sourcecode.swift; path = SignUpViewModel.swift; sourceTree = "<group>"; };
		01DC64312A5CAD4500553318 /* ColorsExtensions.swift */ = {isa = PBXFileReference; lastKnownFileType = sourcecode.swift; path = ColorsExtensions.swift; sourceTree = "<group>"; };
		01DC64342A5CAE9500553318 /* APICall.swift */ = {isa = PBXFileReference; lastKnownFileType = sourcecode.swift; path = APICall.swift; sourceTree = "<group>"; };
		01DC64362A5CB16B00553318 /* CreateGardenOnboardingView.swift */ = {isa = PBXFileReference; lastKnownFileType = sourcecode.swift; path = CreateGardenOnboardingView.swift; sourceTree = "<group>"; };
		01DC64382A5CB3E700553318 /* AddPlantOnboardingView.swift */ = {isa = PBXFileReference; lastKnownFileType = sourcecode.swift; path = AddPlantOnboardingView.swift; sourceTree = "<group>"; };
		01EE292F2A73EFFB00E91F28 /* AddPlantOnboardingViewModel.swift */ = {isa = PBXFileReference; lastKnownFileType = sourcecode.swift; path = AddPlantOnboardingViewModel.swift; sourceTree = "<group>"; };
/* End PBXFileReference section */

/* Begin PBXFrameworksBuildPhase section */
		01C68D212A576A2C004F64A0 /* Frameworks */ = {
			isa = PBXFrameworksBuildPhase;
			buildActionMask = 2147483647;
			files = (
				014949292A576E510063FCF8 /* ReceiptParser in Frameworks */,
				014949262A576E2D0063FCF8 /* FirebaseFirestoreSwift in Frameworks */,
				0149492B2A576E510063FCF8 /* RevenueCat in Frameworks */,
				014949312A576FA00063FCF8 /* GoogleMobileAds in Frameworks */,
				0149492E2A576F520063FCF8 /* StoreKit.framework in Frameworks */,
				014949202A576E2D0063FCF8 /* FirebaseAnalyticsSwift in Frameworks */,
				014949242A576E2D0063FCF8 /* FirebaseFirestore in Frameworks */,
				014949222A576E2D0063FCF8 /* FirebaseAuth in Frameworks */,
				0149491E2A576E2D0063FCF8 /* FirebaseAnalytics in Frameworks */,
			);
			runOnlyForDeploymentPostprocessing = 0;
		};
/* End PBXFrameworksBuildPhase section */

/* Begin PBXGroup section */
		0149492C2A576F520063FCF8 /* Frameworks */ = {
			isa = PBXGroup;
			children = (
				0149492D2A576F520063FCF8 /* StoreKit.framework */,
			);
			name = Frameworks;
			sourceTree = "<group>";
		};
		014949322A57719A0063FCF8 /* Views */ = {
			isa = PBXGroup;
			children = (
				01C68D392A576A71004F64A0 /* ProfileView.swift */,
				01C89CED2A702C2D00092C25 /* RootView.swift */,
				013C24322A708D780027325C /* GardenView.swift */,
			);
			path = Views;
			sourceTree = "<group>";
		};
		014949332A5771BC0063FCF8 /* ViewModels */ = {
			isa = PBXGroup;
			children = (
				014949342A5771C90063FCF8 /* LoginViewModel.swift */,
				01DC642E2A5CABB800553318 /* SignUpViewModel.swift */,
				0148C4672A729A9F0030A26A /* CreateGardenOnboardingViewModel.swift */,
				01EE292F2A73EFFB00E91F28 /* AddPlantOnboardingViewModel.swift */,
			);
			path = ViewModels;
			sourceTree = "<group>";
		};
		01BE231E2A684ADF00E3E906 /* Model */ = {
			isa = PBXGroup;
			children = (
				01C89CEB2A70215F00092C25 /* UserModel.swift */,
			);
			path = Model;
			sourceTree = "<group>";
		};
		01C68D1B2A576A2B004F64A0 = {
			isa = PBXGroup;
			children = (
				01C68D262A576A2C004F64A0 /* Gardening */,
				01C68D252A576A2C004F64A0 /* Products */,
				0149492C2A576F520063FCF8 /* Frameworks */,
			);
			sourceTree = "<group>";
		};
		01C68D252A576A2C004F64A0 /* Products */ = {
			isa = PBXGroup;
			children = (
				01C68D242A576A2C004F64A0 /* Gardening.app */,
			);
			name = Products;
			sourceTree = "<group>";
		};
		01C68D262A576A2C004F64A0 /* Gardening */ = {
			isa = PBXGroup;
			children = (
				01EE292E2A73EC4F00E91F28 /* Authentication */,
				01BE231E2A684ADF00E3E906 /* Model */,
				01DC64332A5CAE8600553318 /* Services */,
				01DC64302A5CAD3500553318 /* Extensions */,
				014949332A5771BC0063FCF8 /* ViewModels */,
				014949322A57719A0063FCF8 /* Views */,
				01C68D272A576A2C004F64A0 /* GardeningApp.swift */,
				01C68D2B2A576A2C004F64A0 /* Assets.xcassets */,
				01BE231A2A68477300E3E906 /* GoogleService-Info.plist */,
				01C68D2D2A576A2C004F64A0 /* Preview Content */,
			);
			path = Gardening;
			sourceTree = "<group>";
		};
		01C68D2D2A576A2C004F64A0 /* Preview Content */ = {
			isa = PBXGroup;
			children = (
				01C68D2E2A576A2C004F64A0 /* Preview Assets.xcassets */,
			);
			path = "Preview Content";
			sourceTree = "<group>";
		};
		01DC64302A5CAD3500553318 /* Extensions */ = {
			isa = PBXGroup;
			children = (
				01DC64312A5CAD4500553318 /* ColorsExtensions.swift */,
				01C89CE72A7011B000092C25 /* InputView.swift */,
				01C89CE92A701F1500092C25 /* SettingsRowView.swift */,
			);
			path = Extensions;
			sourceTree = "<group>";
		};
		01DC64332A5CAE8600553318 /* Services */ = {
			isa = PBXGroup;
			children = (
				01DC64342A5CAE9500553318 /* APICall.swift */,
			);
			path = Services;
			sourceTree = "<group>";
		};
		01EE292E2A73EC4F00E91F28 /* Authentication */ = {
			isa = PBXGroup;
			children = (
				01BE231C2A68498F00E3E906 /* AuthenticationManager.swift */,
				01DC64362A5CB16B00553318 /* CreateGardenOnboardingView.swift */,
				01DC64382A5CB3E700553318 /* AddPlantOnboardingView.swift */,
				01C68D372A576A62004F64A0 /* SignUpView.swift */,
				01C68D352A576A53004F64A0 /* LoginView.swift */,
				01101AB62A7A50FF001B8669 /* OnboardingView.swift */,
			);
			path = Authentication;
			sourceTree = "<group>";
		};
/* End PBXGroup section */

/* Begin PBXNativeTarget section */
		01C68D232A576A2C004F64A0 /* Gardening */ = {
			isa = PBXNativeTarget;
			buildConfigurationList = 01C68D322A576A2C004F64A0 /* Build configuration list for PBXNativeTarget "Gardening" */;
			buildPhases = (
				01C68D202A576A2C004F64A0 /* Sources */,
				01C68D212A576A2C004F64A0 /* Frameworks */,
				01C68D222A576A2C004F64A0 /* Resources */,
			);
			buildRules = (
			);
			dependencies = (
			);
			name = Gardening;
			packageProductDependencies = (
				0149491D2A576E2D0063FCF8 /* FirebaseAnalytics */,
				0149491F2A576E2D0063FCF8 /* FirebaseAnalyticsSwift */,
				014949212A576E2D0063FCF8 /* FirebaseAuth */,
				014949232A576E2D0063FCF8 /* FirebaseFirestore */,
				014949252A576E2D0063FCF8 /* FirebaseFirestoreSwift */,
				014949282A576E510063FCF8 /* ReceiptParser */,
				0149492A2A576E510063FCF8 /* RevenueCat */,
				014949302A576FA00063FCF8 /* GoogleMobileAds */,
			);
			productName = Gardening;
			productReference = 01C68D242A576A2C004F64A0 /* Gardening.app */;
			productType = "com.apple.product-type.application";
		};
/* End PBXNativeTarget section */

/* Begin PBXProject section */
		01C68D1C2A576A2B004F64A0 /* Project object */ = {
			isa = PBXProject;
			attributes = {
				BuildIndependentTargetsInParallel = 1;
				LastSwiftUpdateCheck = 1430;
				LastUpgradeCheck = 1500;
				TargetAttributes = {
					01C68D232A576A2C004F64A0 = {
						CreatedOnToolsVersion = 14.3.1;
					};
				};
			};
			buildConfigurationList = 01C68D1F2A576A2B004F64A0 /* Build configuration list for PBXProject "Gardening" */;
			compatibilityVersion = "Xcode 14.0";
			developmentRegion = en;
			hasScannedForEncodings = 0;
			knownRegions = (
				en,
				Base,
			);
			mainGroup = 01C68D1B2A576A2B004F64A0;
			packageReferences = (
				0149491C2A576E2D0063FCF8 /* XCRemoteSwiftPackageReference "firebase-ios-sdk" */,
				014949272A576E510063FCF8 /* XCRemoteSwiftPackageReference "purchases-ios" */,
				0149492F2A576FA00063FCF8 /* XCRemoteSwiftPackageReference "swift-package-manager-google-mobile-ads" */,
			);
			productRefGroup = 01C68D252A576A2C004F64A0 /* Products */;
			projectDirPath = "";
			projectRoot = "";
			targets = (
				01C68D232A576A2C004F64A0 /* Gardening */,
			);
		};
/* End PBXProject section */

/* Begin PBXResourcesBuildPhase section */
		01C68D222A576A2C004F64A0 /* Resources */ = {
			isa = PBXResourcesBuildPhase;
			buildActionMask = 2147483647;
			files = (
				01C68D2F2A576A2C004F64A0 /* Preview Assets.xcassets in Resources */,
				01C68D2C2A576A2C004F64A0 /* Assets.xcassets in Resources */,
				01BE231B2A68477300E3E906 /* GoogleService-Info.plist in Resources */,
			);
			runOnlyForDeploymentPostprocessing = 0;
		};
/* End PBXResourcesBuildPhase section */

/* Begin PBXSourcesBuildPhase section */
		01C68D202A576A2C004F64A0 /* Sources */ = {
			isa = PBXSourcesBuildPhase;
			buildActionMask = 2147483647;
			files = (
				01C68D382A576A62004F64A0 /* SignUpView.swift in Sources */,
				01EE29302A73EFFB00E91F28 /* AddPlantOnboardingViewModel.swift in Sources */,
				01C68D362A576A53004F64A0 /* LoginView.swift in Sources */,
				01BE231D2A68498F00E3E906 /* AuthenticationManager.swift in Sources */,
				01C89CEE2A702C2D00092C25 /* RootView.swift in Sources */,
				01C89CEA2A701F1500092C25 /* SettingsRowView.swift in Sources */,
				0148C4682A729A9F0030A26A /* CreateGardenOnboardingViewModel.swift in Sources */,
				01C68D3A2A576A71004F64A0 /* ProfileView.swift in Sources */,
				01DC64372A5CB16B00553318 /* CreateGardenOnboardingView.swift in Sources */,
				01C89CEC2A70215F00092C25 /* UserModel.swift in Sources */,
				01DC64322A5CAD4500553318 /* ColorsExtensions.swift in Sources */,
				01101AB72A7A50FF001B8669 /* OnboardingView.swift in Sources */,
				014949352A5771C90063FCF8 /* LoginViewModel.swift in Sources */,
				01DC642F2A5CABB800553318 /* SignUpViewModel.swift in Sources */,
				01DC64392A5CB3E700553318 /* AddPlantOnboardingView.swift in Sources */,
				01C89CE82A7011B000092C25 /* InputView.swift in Sources */,
				013C24332A708D780027325C /* GardenView.swift in Sources */,
				01DC64352A5CAE9500553318 /* APICall.swift in Sources */,
				01C68D282A576A2C004F64A0 /* GardeningApp.swift in Sources */,
			);
			runOnlyForDeploymentPostprocessing = 0;
		};
/* End PBXSourcesBuildPhase section */

/* Begin XCBuildConfiguration section */
		01C68D302A576A2C004F64A0 /* Debug */ = {
			isa = XCBuildConfiguration;
			buildSettings = {
				ALWAYS_SEARCH_USER_PATHS = NO;
				CLANG_ANALYZER_NONNULL = YES;
				CLANG_ANALYZER_NUMBER_OBJECT_CONVERSION = YES_AGGRESSIVE;
				CLANG_CXX_LANGUAGE_STANDARD = "gnu++20";
				CLANG_ENABLE_MODULES = YES;
				CLANG_ENABLE_OBJC_ARC = YES;
				CLANG_ENABLE_OBJC_WEAK = YES;
				CLANG_WARN_BLOCK_CAPTURE_AUTORELEASING = YES;
				CLANG_WARN_BOOL_CONVERSION = YES;
				CLANG_WARN_COMMA = YES;
				CLANG_WARN_CONSTANT_CONVERSION = YES;
				CLANG_WARN_DEPRECATED_OBJC_IMPLEMENTATIONS = YES;
				CLANG_WARN_DIRECT_OBJC_ISA_USAGE = YES_ERROR;
				CLANG_WARN_DOCUMENTATION_COMMENTS = YES;
				CLANG_WARN_EMPTY_BODY = YES;
				CLANG_WARN_ENUM_CONVERSION = YES;
				CLANG_WARN_INFINITE_RECURSION = YES;
				CLANG_WARN_INT_CONVERSION = YES;
				CLANG_WARN_NON_LITERAL_NULL_CONVERSION = YES;
				CLANG_WARN_OBJC_IMPLICIT_RETAIN_SELF = YES;
				CLANG_WARN_OBJC_LITERAL_CONVERSION = YES;
				CLANG_WARN_OBJC_ROOT_CLASS = YES_ERROR;
				CLANG_WARN_QUOTED_INCLUDE_IN_FRAMEWORK_HEADER = YES;
				CLANG_WARN_RANGE_LOOP_ANALYSIS = YES;
				CLANG_WARN_STRICT_PROTOTYPES = YES;
				CLANG_WARN_SUSPICIOUS_MOVE = YES;
				CLANG_WARN_UNGUARDED_AVAILABILITY = YES_AGGRESSIVE;
				CLANG_WARN_UNREACHABLE_CODE = YES;
				CLANG_WARN__DUPLICATE_METHOD_MATCH = YES;
				COPY_PHASE_STRIP = NO;
				DEBUG_INFORMATION_FORMAT = dwarf;
				ENABLE_STRICT_OBJC_MSGSEND = YES;
				ENABLE_TESTABILITY = YES;
				ENABLE_USER_SCRIPT_SANDBOXING = YES;
				GCC_C_LANGUAGE_STANDARD = gnu11;
				GCC_DYNAMIC_NO_PIC = NO;
				GCC_NO_COMMON_BLOCKS = YES;
				GCC_OPTIMIZATION_LEVEL = 0;
				GCC_PREPROCESSOR_DEFINITIONS = (
					"DEBUG=1",
					"$(inherited)",
				);
				GCC_WARN_64_TO_32_BIT_CONVERSION = YES;
				GCC_WARN_ABOUT_RETURN_TYPE = YES_ERROR;
				GCC_WARN_UNDECLARED_SELECTOR = YES;
				GCC_WARN_UNINITIALIZED_AUTOS = YES_AGGRESSIVE;
				GCC_WARN_UNUSED_FUNCTION = YES;
				GCC_WARN_UNUSED_VARIABLE = YES;
				IPHONEOS_DEPLOYMENT_TARGET = 15.0;
				MTL_ENABLE_DEBUG_INFO = INCLUDE_SOURCE;
				MTL_FAST_MATH = YES;
				ONLY_ACTIVE_ARCH = YES;
				SDKROOT = iphoneos;
				SWIFT_ACTIVE_COMPILATION_CONDITIONS = DEBUG;
				SWIFT_OPTIMIZATION_LEVEL = "-Onone";
			};
			name = Debug;
		};
		01C68D312A576A2C004F64A0 /* Release */ = {
			isa = XCBuildConfiguration;
			buildSettings = {
				ALWAYS_SEARCH_USER_PATHS = NO;
				CLANG_ANALYZER_NONNULL = YES;
				CLANG_ANALYZER_NUMBER_OBJECT_CONVERSION = YES_AGGRESSIVE;
				CLANG_CXX_LANGUAGE_STANDARD = "gnu++20";
				CLANG_ENABLE_MODULES = YES;
				CLANG_ENABLE_OBJC_ARC = YES;
				CLANG_ENABLE_OBJC_WEAK = YES;
				CLANG_WARN_BLOCK_CAPTURE_AUTORELEASING = YES;
				CLANG_WARN_BOOL_CONVERSION = YES;
				CLANG_WARN_COMMA = YES;
				CLANG_WARN_CONSTANT_CONVERSION = YES;
				CLANG_WARN_DEPRECATED_OBJC_IMPLEMENTATIONS = YES;
				CLANG_WARN_DIRECT_OBJC_ISA_USAGE = YES_ERROR;
				CLANG_WARN_DOCUMENTATION_COMMENTS = YES;
				CLANG_WARN_EMPTY_BODY = YES;
				CLANG_WARN_ENUM_CONVERSION = YES;
				CLANG_WARN_INFINITE_RECURSION = YES;
				CLANG_WARN_INT_CONVERSION = YES;
				CLANG_WARN_NON_LITERAL_NULL_CONVERSION = YES;
				CLANG_WARN_OBJC_IMPLICIT_RETAIN_SELF = YES;
				CLANG_WARN_OBJC_LITERAL_CONVERSION = YES;
				CLANG_WARN_OBJC_ROOT_CLASS = YES_ERROR;
				CLANG_WARN_QUOTED_INCLUDE_IN_FRAMEWORK_HEADER = YES;
				CLANG_WARN_RANGE_LOOP_ANALYSIS = YES;
				CLANG_WARN_STRICT_PROTOTYPES = YES;
				CLANG_WARN_SUSPICIOUS_MOVE = YES;
				CLANG_WARN_UNGUARDED_AVAILABILITY = YES_AGGRESSIVE;
				CLANG_WARN_UNREACHABLE_CODE = YES;
				CLANG_WARN__DUPLICATE_METHOD_MATCH = YES;
				COPY_PHASE_STRIP = NO;
				DEBUG_INFORMATION_FORMAT = "dwarf-with-dsym";
				ENABLE_NS_ASSERTIONS = NO;
				ENABLE_STRICT_OBJC_MSGSEND = YES;
				ENABLE_USER_SCRIPT_SANDBOXING = YES;
				GCC_C_LANGUAGE_STANDARD = gnu11;
				GCC_NO_COMMON_BLOCKS = YES;
				GCC_WARN_64_TO_32_BIT_CONVERSION = YES;
				GCC_WARN_ABOUT_RETURN_TYPE = YES_ERROR;
				GCC_WARN_UNDECLARED_SELECTOR = YES;
				GCC_WARN_UNINITIALIZED_AUTOS = YES_AGGRESSIVE;
				GCC_WARN_UNUSED_FUNCTION = YES;
				GCC_WARN_UNUSED_VARIABLE = YES;
				IPHONEOS_DEPLOYMENT_TARGET = 15.0;
				MTL_ENABLE_DEBUG_INFO = NO;
				MTL_FAST_MATH = YES;
				SDKROOT = iphoneos;
				SWIFT_COMPILATION_MODE = wholemodule;
				SWIFT_OPTIMIZATION_LEVEL = "-O";
				VALIDATE_PRODUCT = YES;
			};
			name = Release;
		};
		01C68D332A576A2C004F64A0 /* Debug */ = {
			isa = XCBuildConfiguration;
			buildSettings = {
				ASSETCATALOG_COMPILER_APPICON_NAME = AppIcon;
				ASSETCATALOG_COMPILER_GLOBAL_ACCENT_COLOR_NAME = AccentColor;
				CODE_SIGN_STYLE = Automatic;
				CURRENT_PROJECT_VERSION = 1;
				DEVELOPMENT_ASSET_PATHS = "\"Gardening/Preview Content\"";
				DEVELOPMENT_TEAM = V975Z3G3HV;
				ENABLE_PREVIEWS = YES;
				GENERATE_INFOPLIST_FILE = YES;
				INFOPLIST_KEY_LSApplicationCategoryType = "public.app-category.productivity";
				INFOPLIST_KEY_UIApplicationSceneManifest_Generation = YES;
				INFOPLIST_KEY_UIApplicationSupportsIndirectInputEvents = YES;
				INFOPLIST_KEY_UILaunchScreen_Generation = YES;
				INFOPLIST_KEY_UIRequiresFullScreen = YES;
				INFOPLIST_KEY_UISupportedInterfaceOrientations = UIInterfaceOrientationPortrait;
				LD_RUNPATH_SEARCH_PATHS = (
					"$(inherited)",
					"@executable_path/Frameworks",
				);
				MARKETING_VERSION = 1.0;
				PRODUCT_BUNDLE_IDENTIFIER = dnn.Gardening;
				PRODUCT_NAME = "$(TARGET_NAME)";
				SUPPORTED_PLATFORMS = "iphoneos iphonesimulator";
				SUPPORTS_MACCATALYST = NO;
				SUPPORTS_MAC_DESIGNED_FOR_IPHONE_IPAD = NO;
				SWIFT_EMIT_LOC_STRINGS = YES;
				SWIFT_VERSION = 5.0;
				TARGETED_DEVICE_FAMILY = "1,2";
			};
			name = Debug;
		};
		01C68D342A576A2C004F64A0 /* Release */ = {
			isa = XCBuildConfiguration;
			buildSettings = {
				ASSETCATALOG_COMPILER_APPICON_NAME = AppIcon;
				ASSETCATALOG_COMPILER_GLOBAL_ACCENT_COLOR_NAME = AccentColor;
				CODE_SIGN_STYLE = Automatic;
				CURRENT_PROJECT_VERSION = 1;
				DEVELOPMENT_ASSET_PATHS = "\"Gardening/Preview Content\"";
				DEVELOPMENT_TEAM = V975Z3G3HV;
				ENABLE_PREVIEWS = YES;
				GENERATE_INFOPLIST_FILE = YES;
				INFOPLIST_KEY_LSApplicationCategoryType = "public.app-category.productivity";
				INFOPLIST_KEY_UIApplicationSceneManifest_Generation = YES;
				INFOPLIST_KEY_UIApplicationSupportsIndirectInputEvents = YES;
				INFOPLIST_KEY_UILaunchScreen_Generation = YES;
				INFOPLIST_KEY_UIRequiresFullScreen = YES;
				INFOPLIST_KEY_UISupportedInterfaceOrientations = UIInterfaceOrientationPortrait;
				LD_RUNPATH_SEARCH_PATHS = (
					"$(inherited)",
					"@executable_path/Frameworks",
				);
				MARKETING_VERSION = 1.0;
				PRODUCT_BUNDLE_IDENTIFIER = dnn.Gardening;
				PRODUCT_NAME = "$(TARGET_NAME)";
				SUPPORTED_PLATFORMS = "iphoneos iphonesimulator";
				SUPPORTS_MACCATALYST = NO;
				SUPPORTS_MAC_DESIGNED_FOR_IPHONE_IPAD = NO;
				SWIFT_EMIT_LOC_STRINGS = YES;
				SWIFT_VERSION = 5.0;
				TARGETED_DEVICE_FAMILY = "1,2";
			};
			name = Release;
		};
/* End XCBuildConfiguration section */

/* Begin XCConfigurationList section */
		01C68D1F2A576A2B004F64A0 /* Build configuration list for PBXProject "Gardening" */ = {
			isa = XCConfigurationList;
			buildConfigurations = (
				01C68D302A576A2C004F64A0 /* Debug */,
				01C68D312A576A2C004F64A0 /* Release */,
			);
			defaultConfigurationIsVisible = 0;
			defaultConfigurationName = Release;
		};
		01C68D322A576A2C004F64A0 /* Build configuration list for PBXNativeTarget "Gardening" */ = {
			isa = XCConfigurationList;
			buildConfigurations = (
				01C68D332A576A2C004F64A0 /* Debug */,
				01C68D342A576A2C004F64A0 /* Release */,
			);
			defaultConfigurationIsVisible = 0;
			defaultConfigurationName = Release;
		};
/* End XCConfigurationList section */

/* Begin XCRemoteSwiftPackageReference section */
		0149491C2A576E2D0063FCF8 /* XCRemoteSwiftPackageReference "firebase-ios-sdk" */ = {
			isa = XCRemoteSwiftPackageReference;
			repositoryURL = "https://github.com/firebase/firebase-ios-sdk";
			requirement = {
				kind = upToNextMajorVersion;
				minimumVersion = 10.0.0;
			};
		};
		014949272A576E510063FCF8 /* XCRemoteSwiftPackageReference "purchases-ios" */ = {
			isa = XCRemoteSwiftPackageReference;
			repositoryURL = "https://github.com/RevenueCat/purchases-ios.git";
			requirement = {
				kind = upToNextMajorVersion;
				minimumVersion = 4.0.0;
			};
		};
		0149492F2A576FA00063FCF8 /* XCRemoteSwiftPackageReference "swift-package-manager-google-mobile-ads" */ = {
			isa = XCRemoteSwiftPackageReference;
			repositoryURL = "https://github.com/googleads/swift-package-manager-google-mobile-ads.git";
			requirement = {
				kind = upToNextMajorVersion;
				minimumVersion = 10.0.0;
			};
		};
/* End XCRemoteSwiftPackageReference section */

/* Begin XCSwiftPackageProductDependency section */
		0149491D2A576E2D0063FCF8 /* FirebaseAnalytics */ = {
			isa = XCSwiftPackageProductDependency;
			package = 0149491C2A576E2D0063FCF8 /* XCRemoteSwiftPackageReference "firebase-ios-sdk" */;
			productName = FirebaseAnalytics;
		};
		0149491F2A576E2D0063FCF8 /* FirebaseAnalyticsSwift */ = {
			isa = XCSwiftPackageProductDependency;
			package = 0149491C2A576E2D0063FCF8 /* XCRemoteSwiftPackageReference "firebase-ios-sdk" */;
			productName = FirebaseAnalyticsSwift;
		};
		014949212A576E2D0063FCF8 /* FirebaseAuth */ = {
			isa = XCSwiftPackageProductDependency;
			package = 0149491C2A576E2D0063FCF8 /* XCRemoteSwiftPackageReference "firebase-ios-sdk" */;
			productName = FirebaseAuth;
		};
		014949232A576E2D0063FCF8 /* FirebaseFirestore */ = {
			isa = XCSwiftPackageProductDependency;
			package = 0149491C2A576E2D0063FCF8 /* XCRemoteSwiftPackageReference "firebase-ios-sdk" */;
			productName = FirebaseFirestore;
		};
		014949252A576E2D0063FCF8 /* FirebaseFirestoreSwift */ = {
			isa = XCSwiftPackageProductDependency;
			package = 0149491C2A576E2D0063FCF8 /* XCRemoteSwiftPackageReference "firebase-ios-sdk" */;
			productName = FirebaseFirestoreSwift;
		};
		014949282A576E510063FCF8 /* ReceiptParser */ = {
			isa = XCSwiftPackageProductDependency;
			package = 014949272A576E510063FCF8 /* XCRemoteSwiftPackageReference "purchases-ios" */;
			productName = ReceiptParser;
		};
		0149492A2A576E510063FCF8 /* RevenueCat */ = {
			isa = XCSwiftPackageProductDependency;
			package = 014949272A576E510063FCF8 /* XCRemoteSwiftPackageReference "purchases-ios" */;
			productName = RevenueCat;
		};
		014949302A576FA00063FCF8 /* GoogleMobileAds */ = {
			isa = XCSwiftPackageProductDependency;
			package = 0149492F2A576FA00063FCF8 /* XCRemoteSwiftPackageReference "swift-package-manager-google-mobile-ads" */;
			productName = GoogleMobileAds;
		};
/* End XCSwiftPackageProductDependency section */
	};
	rootObject = 01C68D1C2A576A2B004F64A0 /* Project object */;
}
